
Microsoft Visual Studio Solution File, Format Version 12.00
# Visual Studio 15
VisualStudioVersion = 15.0.27004.2002
MinimumVisualStudioVersion = 10.0.40219.1
Project("{FAE04EC0-301F-11D3-BF4B-00C04F79EFBC}") = "HuffmanBibli", "HuffmanBibli\HuffmanBibli.csproj", "{B11ACA93-25EE-468D-9FD8-BA6F7291ADD9}"
EndProject
Project("{FAE04EC0-301F-11D3-BF4B-00C04F79EFBC}") = "HuffmanBibliTest", "HuffmanBibliTest\HuffmanBibliTest.csproj", "{FE26FF65-E761-4322-9814-2F95C6A22723}"
EndProject
Global
	GlobalSection(SolutionConfigurationPlatforms) = preSolution
		Debug|Any CPU = Debug|Any CPU
		Release|Any CPU = Release|Any CPU
	EndGlobalSection
	GlobalSection(ProjectConfigurationPlatforms) = postSolution
		{B11ACA93-25EE-468D-9FD8-BA6F7291ADD9}.Debug|Any CPU.ActiveCfg = Debug|Any CPU
		{B11ACA93-25EE-468D-9FD8-BA6F7291ADD9}.Debug|Any CPU.Build.0 = Debug|Any CPU
		{B11ACA93-25EE-468D-9FD8-BA6F7291ADD9}.Release|Any CPU.ActiveCfg = Release|Any CPU
		{B11ACA93-25EE-468D-9FD8-BA6F7291ADD9}.Release|Any CPU.Build.0 = Release|Any CPU
		{FE26FF65-E761-4322-9814-2F95C6A22723}.Debug|Any CPU.ActiveCfg = Debug|Any CPU
		{FE26FF65-E761-4322-9814-2F95C6A22723}.Debug|Any CPU.Build.0 = Debug|Any CPU
		{FE26FF65-E761-4322-9814-2F95C6A22723}.Release|Any CPU.ActiveCfg = Release|Any CPU
		{FE26FF65-E761-4322-9814-2F95C6A22723}.Release|Any CPU.Build.0 = Release|Any CPU
	EndGlobalSection
	GlobalSection(SolutionProperties) = preSolution
		HideSolutionNode = FALSE
	EndGlobalSection
	GlobalSection(ExtensibilityGlobals) = postSolution
		SolutionGuid = {D7DAA7BD-8E98-44BB-83BD-6938A42F0E57}
	EndGlobalSection
EndGlobal
